
Microsoft Visual Studio Solution File, Format Version 12.00
# Visual Studio 15
VisualStudioVersion = 15.0.28010.0
MinimumVisualStudioVersion = 10.0.40219.1
Project("{FAE04EC0-301F-11D3-BF4B-00C04F79EFBC}") = "Letter-Loop", "Letter-Loop\Letter-Loop.csproj", "{ED80F1E5-5C01-46A5-BB4A-5793BBA58EA2}"
EndProject
Global
	GlobalSection(SolutionConfigurationPlatforms) = preSolution
		Debug|Any CPU = Debug|Any CPU
		Release|Any CPU = Release|Any CPU
	EndGlobalSection
	GlobalSection(ProjectConfigurationPlatforms) = postSolution
		{ED80F1E5-5C01-46A5-BB4A-5793BBA58EA2}.Debug|Any CPU.ActiveCfg = Debug|Any CPU
		{ED80F1E5-5C01-46A5-BB4A-5793BBA58EA2}.Debug|Any CPU.Build.0 = Debug|Any CPU
		{ED80F1E5-5C01-46A5-BB4A-5793BBA58EA2}.Release|Any CPU.ActiveCfg = Release|Any CPU
		{ED80F1E5-5C01-46A5-BB4A-5793BBA58EA2}.Release|Any CPU.Build.0 = Release|Any CPU
	EndGlobalSection
	GlobalSection(SolutionProperties) = preSolution
		HideSolutionNode = FALSE
	EndGlobalSection
	GlobalSection(ExtensibilityGlobals) = postSolution
		SolutionGuid = {F749C960-85D7-4CE7-95C9-EFC19BF825B4}
	EndGlobalSection
EndGlobal
